
Microsoft Visual Studio Solution File, Format Version 12.00
# Visual Studio Version 17
VisualStudioVersion = 17.13.35825.156 d17.13
MinimumVisualStudioVersion = 10.0.40219.1
Project("{FAE04EC0-301F-11D3-BF4B-00C04F79EFBC}") = "Справочник_Книг", "Справочник_Книг\Справочник_Книг.csproj", "{415F67C8-0994-4A23-93CA-CEE33C0CEB10}"
EndProject
Global
	GlobalSection(SolutionConfigurationPlatforms) = preSolution
		Debug|Any CPU = Debug|Any CPU
		Release|Any CPU = Release|Any CPU
	EndGlobalSection
	GlobalSection(ProjectConfigurationPlatforms) = postSolution
		{415F67C8-0994-4A23-93CA-CEE33C0CEB10}.Debug|Any CPU.ActiveCfg = Debug|Any CPU
		{415F67C8-0994-4A23-93CA-CEE33C0CEB10}.Debug|Any CPU.Build.0 = Debug|Any CPU
		{415F67C8-0994-4A23-93CA-CEE33C0CEB10}.Release|Any CPU.ActiveCfg = Release|Any CPU
		{415F67C8-0994-4A23-93CA-CEE33C0CEB10}.Release|Any CPU.Build.0 = Release|Any CPU
	EndGlobalSection
	GlobalSection(SolutionProperties) = preSolution
		HideSolutionNode = FALSE
	EndGlobalSection
	GlobalSection(ExtensibilityGlobals) = postSolution
		SolutionGuid = {37329008-2C2B-4C25-85A3-2278BA98F56C}
	EndGlobalSection
EndGlobal
