
Microsoft Visual Studio Solution File, Format Version 12.00
# Visual Studio Version 17
VisualStudioVersion = 17.13.35825.156 d17.13
MinimumVisualStudioVersion = 10.0.40219.1
Project("{FAE04EC0-301F-11D3-BF4B-00C04F79EFBC}") = "Magnit", "Magnit\Magnit.csproj", "{6C28BB58-B85B-4C93-8532-168DCFD4351D}"
EndProject
Global
	GlobalSection(SolutionConfigurationPlatforms) = preSolution
		Debug|Any CPU = Debug|Any CPU
		Release|Any CPU = Release|Any CPU
	EndGlobalSection
	GlobalSection(ProjectConfigurationPlatforms) = postSolution
		{6C28BB58-B85B-4C93-8532-168DCFD4351D}.Debug|Any CPU.ActiveCfg = Debug|Any CPU
		{6C28BB58-B85B-4C93-8532-168DCFD4351D}.Debug|Any CPU.Build.0 = Debug|Any CPU
		{6C28BB58-B85B-4C93-8532-168DCFD4351D}.Release|Any CPU.ActiveCfg = Release|Any CPU
		{6C28BB58-B85B-4C93-8532-168DCFD4351D}.Release|Any CPU.Build.0 = Release|Any CPU
	EndGlobalSection
	GlobalSection(SolutionProperties) = preSolution
		HideSolutionNode = FALSE
	EndGlobalSection
	GlobalSection(ExtensibilityGlobals) = postSolution
		SolutionGuid = {4F4CC42E-48D0-44F6-B934-E99A5FDD7E52}
	EndGlobalSection
EndGlobal
